
Microsoft Visual Studio Solution File, Format Version 12.00
# Visual Studio 2012
Project("{FAE04EC0-301F-11D3-BF4B-00C04F79EFBC}") = "Core", "Core\Core.csproj", "{443B5447-6CD7-48C6-970C-52CA1AF8BD52}"
EndProject
Project("{FAE04EC0-301F-11D3-BF4B-00C04F79EFBC}") = "Infrastructure", "Infrastructure\Infrastructure.csproj", "{0769E8A2-9291-44E2-BD8E-1B9C30B8FA47}"
EndProject
Project("{FAE04EC0-301F-11D3-BF4B-00C04F79EFBC}") = "UI", "UI\UI.csproj", "{FDD41533-523A-47FD-B390-CE124FBC79AA}"
EndProject
Global
	GlobalSection(SolutionConfigurationPlatforms) = preSolution
		Debug|Any CPU = Debug|Any CPU
		Release|Any CPU = Release|Any CPU
	EndGlobalSection
	GlobalSection(ProjectConfigurationPlatforms) = postSolution
		{0769E8A2-9291-44E2-BD8E-1B9C30B8FA47}.Debug|Any CPU.ActiveCfg = Debug|Any CPU
		{0769E8A2-9291-44E2-BD8E-1B9C30B8FA47}.Debug|Any CPU.Build.0 = Debug|Any CPU
		{0769E8A2-9291-44E2-BD8E-1B9C30B8FA47}.Release|Any CPU.ActiveCfg = Release|Any CPU
		{0769E8A2-9291-44E2-BD8E-1B9C30B8FA47}.Release|Any CPU.Build.0 = Release|Any CPU
		{443B5447-6CD7-48C6-970C-52CA1AF8BD52}.Debug|Any CPU.ActiveCfg = Debug|Any CPU
		{443B5447-6CD7-48C6-970C-52CA1AF8BD52}.Debug|Any CPU.Build.0 = Debug|Any CPU
		{443B5447-6CD7-48C6-970C-52CA1AF8BD52}.Release|Any CPU.ActiveCfg = Release|Any CPU
		{443B5447-6CD7-48C6-970C-52CA1AF8BD52}.Release|Any CPU.Build.0 = Release|Any CPU
		{FDD41533-523A-47FD-B390-CE124FBC79AA}.Debug|Any CPU.ActiveCfg = Debug|Any CPU
		{FDD41533-523A-47FD-B390-CE124FBC79AA}.Debug|Any CPU.Build.0 = Debug|Any CPU
		{FDD41533-523A-47FD-B390-CE124FBC79AA}.Release|Any CPU.ActiveCfg = Release|Any CPU
		{FDD41533-523A-47FD-B390-CE124FBC79AA}.Release|Any CPU.Build.0 = Release|Any CPU
	EndGlobalSection
	GlobalSection(SolutionProperties) = preSolution
		HideSolutionNode = FALSE
	EndGlobalSection
EndGlobal
