
Microsoft Visual Studio Solution File, Format Version 12.00
# Visual Studio 15
VisualStudioVersion = 15.0.28307.572
MinimumVisualStudioVersion = 10.0.40219.1
Project("{FAE04EC0-301F-11D3-BF4B-00C04F79EFBC}") = "Family.Common", "Family\Family.Common.csproj", "{0771D539-A2B8-4654-82B6-26E0E6F2435D}"
EndProject
Project("{FAE04EC0-301F-11D3-BF4B-00C04F79EFBC}") = "ConsoleFamily", "ConsleFamily\ConsoleFamily.csproj", "{9C7C79B1-6E59-41DE-8D1B-D10EDB7E5B55}"
EndProject
Project("{FAE04EC0-301F-11D3-BF4B-00C04F79EFBC}") = "ConsoleFamily2", "ConsoleFamily2\ConsoleFamily2.csproj", "{93466842-B290-4C20-83FE-86AE88BC3289}"
EndProject
Global
	GlobalSection(SolutionConfigurationPlatforms) = preSolution
		Debug|Any CPU = Debug|Any CPU
		Release|Any CPU = Release|Any CPU
	EndGlobalSection
	GlobalSection(ProjectConfigurationPlatforms) = postSolution
		{0771D539-A2B8-4654-82B6-26E0E6F2435D}.Debug|Any CPU.ActiveCfg = Debug|Any CPU
		{0771D539-A2B8-4654-82B6-26E0E6F2435D}.Debug|Any CPU.Build.0 = Debug|Any CPU
		{0771D539-A2B8-4654-82B6-26E0E6F2435D}.Release|Any CPU.ActiveCfg = Release|Any CPU
		{0771D539-A2B8-4654-82B6-26E0E6F2435D}.Release|Any CPU.Build.0 = Release|Any CPU
		{9C7C79B1-6E59-41DE-8D1B-D10EDB7E5B55}.Debug|Any CPU.ActiveCfg = Debug|Any CPU
		{9C7C79B1-6E59-41DE-8D1B-D10EDB7E5B55}.Debug|Any CPU.Build.0 = Debug|Any CPU
		{9C7C79B1-6E59-41DE-8D1B-D10EDB7E5B55}.Release|Any CPU.ActiveCfg = Release|Any CPU
		{9C7C79B1-6E59-41DE-8D1B-D10EDB7E5B55}.Release|Any CPU.Build.0 = Release|Any CPU
		{93466842-B290-4C20-83FE-86AE88BC3289}.Debug|Any CPU.ActiveCfg = Debug|Any CPU
		{93466842-B290-4C20-83FE-86AE88BC3289}.Debug|Any CPU.Build.0 = Debug|Any CPU
		{93466842-B290-4C20-83FE-86AE88BC3289}.Release|Any CPU.ActiveCfg = Release|Any CPU
		{93466842-B290-4C20-83FE-86AE88BC3289}.Release|Any CPU.Build.0 = Release|Any CPU
	EndGlobalSection
	GlobalSection(SolutionProperties) = preSolution
		HideSolutionNode = FALSE
	EndGlobalSection
	GlobalSection(ExtensibilityGlobals) = postSolution
		SolutionGuid = {F8E54115-6FA9-45D6-BF89-844DC9D7C4F6}
	EndGlobalSection
EndGlobal
