
Microsoft Visual Studio Solution File, Format Version 12.00
# Visual Studio 15
VisualStudioVersion = 15.0.28307.572
MinimumVisualStudioVersion = 10.0.40219.1
Project("{FAE04EC0-301F-11D3-BF4B-00C04F79EFBC}") = "Reservations", "Reservations\Reservations.csproj", "{96D7EBB7-B77F-4BF0-85DE-11945E4CFC4A}"
EndProject
Global
	GlobalSection(SolutionConfigurationPlatforms) = preSolution
		Debug|Any CPU = Debug|Any CPU
		Release|Any CPU = Release|Any CPU
	EndGlobalSection
	GlobalSection(ProjectConfigurationPlatforms) = postSolution
		{96D7EBB7-B77F-4BF0-85DE-11945E4CFC4A}.Debug|Any CPU.ActiveCfg = Debug|Any CPU
		{96D7EBB7-B77F-4BF0-85DE-11945E4CFC4A}.Debug|Any CPU.Build.0 = Debug|Any CPU
		{96D7EBB7-B77F-4BF0-85DE-11945E4CFC4A}.Release|Any CPU.ActiveCfg = Release|Any CPU
		{96D7EBB7-B77F-4BF0-85DE-11945E4CFC4A}.Release|Any CPU.Build.0 = Release|Any CPU
	EndGlobalSection
	GlobalSection(SolutionProperties) = preSolution
		HideSolutionNode = FALSE
	EndGlobalSection
	GlobalSection(ExtensibilityGlobals) = postSolution
		SolutionGuid = {3A53CCAE-DD46-4711-BA4A-2F9323E1986D}
	EndGlobalSection
EndGlobal
