
Microsoft Visual Studio Solution File, Format Version 12.00
# Visual Studio 15
VisualStudioVersion = 15.0.28307.572
MinimumVisualStudioVersion = 10.0.40219.1
Project("{FAE04EC0-301F-11D3-BF4B-00C04F79EFBC}") = "ReflectIt", "ReflectIt\ReflectIt.csproj", "{C837E409-A9AA-499A-B7D1-B7EE89E23973}"
EndProject
Project("{FAE04EC0-301F-11D3-BF4B-00C04F79EFBC}") = "ReflectIt.Tests", "ReflectIt.Tests\ReflectIt.Tests.csproj", "{7A3745DA-D7E0-4346-A50D-2CB331D6CE01}"
EndProject
Global
	GlobalSection(SolutionConfigurationPlatforms) = preSolution
		Debug|Any CPU = Debug|Any CPU
		Release|Any CPU = Release|Any CPU
	EndGlobalSection
	GlobalSection(ProjectConfigurationPlatforms) = postSolution
		{C837E409-A9AA-499A-B7D1-B7EE89E23973}.Debug|Any CPU.ActiveCfg = Debug|Any CPU
		{C837E409-A9AA-499A-B7D1-B7EE89E23973}.Debug|Any CPU.Build.0 = Debug|Any CPU
		{C837E409-A9AA-499A-B7D1-B7EE89E23973}.Release|Any CPU.ActiveCfg = Release|Any CPU
		{C837E409-A9AA-499A-B7D1-B7EE89E23973}.Release|Any CPU.Build.0 = Release|Any CPU
		{7A3745DA-D7E0-4346-A50D-2CB331D6CE01}.Debug|Any CPU.ActiveCfg = Debug|Any CPU
		{7A3745DA-D7E0-4346-A50D-2CB331D6CE01}.Debug|Any CPU.Build.0 = Debug|Any CPU
		{7A3745DA-D7E0-4346-A50D-2CB331D6CE01}.Release|Any CPU.ActiveCfg = Release|Any CPU
		{7A3745DA-D7E0-4346-A50D-2CB331D6CE01}.Release|Any CPU.Build.0 = Release|Any CPU
	EndGlobalSection
	GlobalSection(SolutionProperties) = preSolution
		HideSolutionNode = FALSE
	EndGlobalSection
	GlobalSection(ExtensibilityGlobals) = postSolution
		SolutionGuid = {12699518-75A4-42FE-8293-D40672A012BF}
	EndGlobalSection
EndGlobal
